
Microsoft Visual Studio Solution File, Format Version 12.00
# Visual Studio 15
VisualStudioVersion = 15.0.27703.2035
MinimumVisualStudioVersion = 10.0.40219.1
Project("{FAE04EC0-301F-11D3-BF4B-00C04F79EFBC}") = "Daily Special", "Daily Special\Daily Special.csproj", "{646C4375-8DA1-4615-B59C-36D3772636FF}"
EndProject
Global
	GlobalSection(SolutionConfigurationPlatforms) = preSolution
		Debug|Any CPU = Debug|Any CPU
		Release|Any CPU = Release|Any CPU
	EndGlobalSection
	GlobalSection(ProjectConfigurationPlatforms) = postSolution
		{646C4375-8DA1-4615-B59C-36D3772636FF}.Debug|Any CPU.ActiveCfg = Debug|Any CPU
		{646C4375-8DA1-4615-B59C-36D3772636FF}.Debug|Any CPU.Build.0 = Debug|Any CPU
		{646C4375-8DA1-4615-B59C-36D3772636FF}.Release|Any CPU.ActiveCfg = Release|Any CPU
		{646C4375-8DA1-4615-B59C-36D3772636FF}.Release|Any CPU.Build.0 = Release|Any CPU
	EndGlobalSection
	GlobalSection(SolutionProperties) = preSolution
		HideSolutionNode = FALSE
	EndGlobalSection
	GlobalSection(ExtensibilityGlobals) = postSolution
		SolutionGuid = {0FF02452-F5A4-45E8-A0B5-1B74CE468890}
	EndGlobalSection
EndGlobal
