
Microsoft Visual Studio Solution File, Format Version 12.00
# Visual Studio 15
VisualStudioVersion = 15.0.27703.2035
MinimumVisualStudioVersion = 10.0.40219.1
Project("{FAE04EC0-301F-11D3-BF4B-00C04F79EFBC}") = "RockPaperScissors.cs", "RockPaperScissors.cs.\RockPaperScissors.cs.csproj", "{77E3C374-A137-4CED-97E7-3723185E9F17}"
EndProject
Global
	GlobalSection(SolutionConfigurationPlatforms) = preSolution
		Debug|Any CPU = Debug|Any CPU
		Release|Any CPU = Release|Any CPU
	EndGlobalSection
	GlobalSection(ProjectConfigurationPlatforms) = postSolution
		{77E3C374-A137-4CED-97E7-3723185E9F17}.Debug|Any CPU.ActiveCfg = Debug|Any CPU
		{77E3C374-A137-4CED-97E7-3723185E9F17}.Debug|Any CPU.Build.0 = Debug|Any CPU
		{77E3C374-A137-4CED-97E7-3723185E9F17}.Release|Any CPU.ActiveCfg = Release|Any CPU
		{77E3C374-A137-4CED-97E7-3723185E9F17}.Release|Any CPU.Build.0 = Release|Any CPU
	EndGlobalSection
	GlobalSection(SolutionProperties) = preSolution
		HideSolutionNode = FALSE
	EndGlobalSection
	GlobalSection(ExtensibilityGlobals) = postSolution
		SolutionGuid = {663D034C-3DBC-4629-92B9-FB500931CE46}
	EndGlobalSection
EndGlobal
