
Microsoft Visual Studio Solution File, Format Version 12.00
# Visual Studio 15
VisualStudioVersion = 15.0.27703.2035
MinimumVisualStudioVersion = 10.0.40219.1
Project("{FAE04EC0-301F-11D3-BF4B-00C04F79EFBC}") = "Fahrenheit to Celsius", "Fahrenheit to Celsius\Fahrenheit to Celsius.csproj", "{834D59FF-1979-4F0D-A16B-371BB2FE391E}"
EndProject
Global
	GlobalSection(SolutionConfigurationPlatforms) = preSolution
		Debug|Any CPU = Debug|Any CPU
		Release|Any CPU = Release|Any CPU
	EndGlobalSection
	GlobalSection(ProjectConfigurationPlatforms) = postSolution
		{834D59FF-1979-4F0D-A16B-371BB2FE391E}.Debug|Any CPU.ActiveCfg = Debug|Any CPU
		{834D59FF-1979-4F0D-A16B-371BB2FE391E}.Debug|Any CPU.Build.0 = Debug|Any CPU
		{834D59FF-1979-4F0D-A16B-371BB2FE391E}.Release|Any CPU.ActiveCfg = Release|Any CPU
		{834D59FF-1979-4F0D-A16B-371BB2FE391E}.Release|Any CPU.Build.0 = Release|Any CPU
	EndGlobalSection
	GlobalSection(SolutionProperties) = preSolution
		HideSolutionNode = FALSE
	EndGlobalSection
	GlobalSection(ExtensibilityGlobals) = postSolution
		SolutionGuid = {29C438FC-D5E5-402A-AE39-DE1724FD0FC5}
	EndGlobalSection
EndGlobal
